
Microsoft Visual Studio Solution File, Format Version 12.00
# Visual Studio Version 17
VisualStudioVersion = 17.3.32922.545
MinimumVisualStudioVersion = 10.0.40219.1
Project("{FAE04EC0-301F-11D3-BF4B-00C04F79EFBC}") = "monogame-survivor", "monogame-survivor\monogame-survivor.csproj", "{0089EA7F-D1AA-4E7F-ADD3-92D4F029EA44}"
EndProject
Global
	GlobalSection(SolutionConfigurationPlatforms) = preSolution
		Debug|Any CPU = Debug|Any CPU
		Release|Any CPU = Release|Any CPU
	EndGlobalSection
	GlobalSection(ProjectConfigurationPlatforms) = postSolution
		{0089EA7F-D1AA-4E7F-ADD3-92D4F029EA44}.Debug|Any CPU.ActiveCfg = Debug|Any CPU
		{0089EA7F-D1AA-4E7F-ADD3-92D4F029EA44}.Debug|Any CPU.Build.0 = Debug|Any CPU
		{0089EA7F-D1AA-4E7F-ADD3-92D4F029EA44}.Release|Any CPU.ActiveCfg = Release|Any CPU
		{0089EA7F-D1AA-4E7F-ADD3-92D4F029EA44}.Release|Any CPU.Build.0 = Release|Any CPU
	EndGlobalSection
	GlobalSection(SolutionProperties) = preSolution
		HideSolutionNode = FALSE
	EndGlobalSection
	GlobalSection(ExtensibilityGlobals) = postSolution
		SolutionGuid = {623ECACE-A490-4D6E-AC91-00DA2D9246A4}
	EndGlobalSection
EndGlobal
